// !$*UTF8*$!
{
	archiveVersion = 1;
	classes = {
	};
	objectVersion = 56;
	objects = {

/* Begin PBXBuildFile section */
		990362E02BC6B9A700078AB9 /* Constants.swift in Sources */ = {isa = PBXBuildFile; fileRef = 990362DF2BC6B9A700078AB9 /* Constants.swift */; };
		9954B6E62BB3D7370026BE22 /* AppDelegate.swift in Sources */ = {isa = PBXBuildFile; fileRef = 9954B6E52BB3D7370026BE22 /* AppDelegate.swift */; };
		9954B6E82BB3D7370026BE22 /* SceneDelegate.swift in Sources */ = {isa = PBXBuildFile; fileRef = 9954B6E72BB3D7370026BE22 /* SceneDelegate.swift */; };
		9954B6ED2BB3D7370026BE22 /* Base in Resources */ = {isa = PBXBuildFile; fileRef = 9954B6EC2BB3D7370026BE22 /* Base */; };
		9954B6F02BB3D7370026BE22 /* twitter_clone.xcdatamodeld in Sources */ = {isa = PBXBuildFile; fileRef = 9954B6EE2BB3D7370026BE22 /* twitter_clone.xcdatamodeld */; };
		9954B6F22BB3D7380026BE22 /* Assets.xcassets in Resources */ = {isa = PBXBuildFile; fileRef = 9954B6F12BB3D7380026BE22 /* Assets.xcassets */; };
		9954B6F52BB3D7380026BE22 /* Base in Resources */ = {isa = PBXBuildFile; fileRef = 9954B6F42BB3D7380026BE22 /* Base */; };
		9954B7052BB3DB7F0026BE22 /* MainTabController.swift in Sources */ = {isa = PBXBuildFile; fileRef = 9954B7042BB3DB7F0026BE22 /* MainTabController.swift */; };
		9954B7072BB3DE340026BE22 /* FeedController.swift in Sources */ = {isa = PBXBuildFile; fileRef = 9954B7062BB3DE340026BE22 /* FeedController.swift */; };
		9954B7092BB41D580026BE22 /* ExploreController.swift in Sources */ = {isa = PBXBuildFile; fileRef = 9954B7082BB41D580026BE22 /* ExploreController.swift */; };
		9954B70B2BB41D6A0026BE22 /* NotificationController.swift in Sources */ = {isa = PBXBuildFile; fileRef = 9954B70A2BB41D6A0026BE22 /* NotificationController.swift */; };
		9954B70D2BB41D7E0026BE22 /* ConversationsController.swift in Sources */ = {isa = PBXBuildFile; fileRef = 9954B70C2BB41D7E0026BE22 /* ConversationsController.swift */; };
		995DC7F42BCF96BE00058E39 /* CaptionTextView.swift in Sources */ = {isa = PBXBuildFile; fileRef = 995DC7F32BCF96BE00058E39 /* CaptionTextView.swift */; };
		996650A42BBEA6F1007D1D55 /* GoogleService-Info.plist in Resources */ = {isa = PBXBuildFile; fileRef = 996650A32BBEA6F1007D1D55 /* GoogleService-Info.plist */; };
		9999A0FC2BB7BE1000E4B1F5 /* LoginController.swift in Sources */ = {isa = PBXBuildFile; fileRef = 9999A0FB2BB7BE1000E4B1F5 /* LoginController.swift */; };
		9999A0FE2BB7BF7B00E4B1F5 /* RegistrationController.swift in Sources */ = {isa = PBXBuildFile; fileRef = 9999A0FD2BB7BF7B00E4B1F5 /* RegistrationController.swift */; };
		99A4DE302BCBB96500D41F3E /* UserService.swift in Sources */ = {isa = PBXBuildFile; fileRef = 99A4DE2F2BCBB96500D41F3E /* UserService.swift */; };
		99A4DE322BCBC16800D41F3E /* User.swift in Sources */ = {isa = PBXBuildFile; fileRef = 99A4DE312BCBC16800D41F3E /* User.swift */; };
		99BD5C432BBAA67B00585987 /* Utilities.swift in Sources */ = {isa = PBXBuildFile; fileRef = 99BD5C422BBAA67B00585987 /* Utilities.swift */; };
		99DB6FD42BC824880082BEF9 /* AuthService.swift in Sources */ = {isa = PBXBuildFile; fileRef = 99DB6FD32BC824880082BEF9 /* AuthService.swift */; };
		99E26C612BCE7BAB0031BFBA /* UploadTweetController.swift in Sources */ = {isa = PBXBuildFile; fileRef = 99E26C602BCE7BAB0031BFBA /* UploadTweetController.swift */; };
		99FD78622BB6AEA300CA10F1 /* Extensions.swift in Sources */ = {isa = PBXBuildFile; fileRef = 99FD78612BB6AEA300CA10F1 /* Extensions.swift */; };
		E364420D9E7560EB8C23451E /* Pods_twitter_clone.framework in Frameworks */ = {isa = PBXBuildFile; fileRef = 4A974654C731DE8426DFE12E /* Pods_twitter_clone.framework */; };
/* End PBXBuildFile section */

/* Begin PBXFileReference section */
		4A974654C731DE8426DFE12E /* Pods_twitter_clone.framework */ = {isa = PBXFileReference; explicitFileType = wrapper.framework; includeInIndex = 0; path = Pods_twitter_clone.framework; sourceTree = BUILT_PRODUCTS_DIR; };
		76F0F2C6E3267B44975927B0 /* Pods-twitter_clone.release.xcconfig */ = {isa = PBXFileReference; includeInIndex = 1; lastKnownFileType = text.xcconfig; name = "Pods-twitter_clone.release.xcconfig"; path = "Target Support Files/Pods-twitter_clone/Pods-twitter_clone.release.xcconfig"; sourceTree = "<group>"; };
		990362DF2BC6B9A700078AB9 /* Constants.swift */ = {isa = PBXFileReference; lastKnownFileType = sourcecode.swift; path = Constants.swift; sourceTree = "<group>"; };
		9954B6E22BB3D7370026BE22 /* twitter_clone.app */ = {isa = PBXFileReference; explicitFileType = wrapper.application; includeInIndex = 0; path = twitter_clone.app; sourceTree = BUILT_PRODUCTS_DIR; };
		9954B6E52BB3D7370026BE22 /* AppDelegate.swift */ = {isa = PBXFileReference; lastKnownFileType = sourcecode.swift; path = AppDelegate.swift; sourceTree = "<group>"; };
		9954B6E72BB3D7370026BE22 /* SceneDelegate.swift */ = {isa = PBXFileReference; lastKnownFileType = sourcecode.swift; path = SceneDelegate.swift; sourceTree = "<group>"; };
		9954B6EC2BB3D7370026BE22 /* Base */ = {isa = PBXFileReference; lastKnownFileType = file.storyboard; name = Base; path = Base.lproj/Main.storyboard; sourceTree = "<group>"; };
		9954B6EF2BB3D7370026BE22 /* twitter_clone.xcdatamodel */ = {isa = PBXFileReference; lastKnownFileType = wrapper.xcdatamodel; path = twitter_clone.xcdatamodel; sourceTree = "<group>"; };
		9954B6F12BB3D7380026BE22 /* Assets.xcassets */ = {isa = PBXFileReference; lastKnownFileType = folder.assetcatalog; path = Assets.xcassets; sourceTree = "<group>"; };
		9954B6F42BB3D7380026BE22 /* Base */ = {isa = PBXFileReference; lastKnownFileType = file.storyboard; name = Base; path = Base.lproj/LaunchScreen.storyboard; sourceTree = "<group>"; };
		9954B6F62BB3D7380026BE22 /* Info.plist */ = {isa = PBXFileReference; lastKnownFileType = text.plist.xml; path = Info.plist; sourceTree = "<group>"; };
		9954B7042BB3DB7F0026BE22 /* MainTabController.swift */ = {isa = PBXFileReference; lastKnownFileType = sourcecode.swift; path = MainTabController.swift; sourceTree = "<group>"; };
		9954B7062BB3DE340026BE22 /* FeedController.swift */ = {isa = PBXFileReference; lastKnownFileType = sourcecode.swift; path = FeedController.swift; sourceTree = "<group>"; };
		9954B7082BB41D580026BE22 /* ExploreController.swift */ = {isa = PBXFileReference; lastKnownFileType = sourcecode.swift; path = ExploreController.swift; sourceTree = "<group>"; };
		9954B70A2BB41D6A0026BE22 /* NotificationController.swift */ = {isa = PBXFileReference; lastKnownFileType = sourcecode.swift; path = NotificationController.swift; sourceTree = "<group>"; };
		9954B70C2BB41D7E0026BE22 /* ConversationsController.swift */ = {isa = PBXFileReference; lastKnownFileType = sourcecode.swift; path = ConversationsController.swift; sourceTree = "<group>"; };
		995DC7F32BCF96BE00058E39 /* CaptionTextView.swift */ = {isa = PBXFileReference; lastKnownFileType = sourcecode.swift; path = CaptionTextView.swift; sourceTree = "<group>"; };
		996650A32BBEA6F1007D1D55 /* GoogleService-Info.plist */ = {isa = PBXFileReference; fileEncoding = 4; lastKnownFileType = text.plist.xml; path = "GoogleService-Info.plist"; sourceTree = SOURCE_ROOT; };
		9999A0FB2BB7BE1000E4B1F5 /* LoginController.swift */ = {isa = PBXFileReference; lastKnownFileType = sourcecode.swift; path = LoginController.swift; sourceTree = "<group>"; };
		9999A0FD2BB7BF7B00E4B1F5 /* RegistrationController.swift */ = {isa = PBXFileReference; lastKnownFileType = sourcecode.swift; path = RegistrationController.swift; sourceTree = "<group>"; };
		99A4DE2F2BCBB96500D41F3E /* UserService.swift */ = {isa = PBXFileReference; lastKnownFileType = sourcecode.swift; path = UserService.swift; sourceTree = "<group>"; };
		99A4DE312BCBC16800D41F3E /* User.swift */ = {isa = PBXFileReference; lastKnownFileType = sourcecode.swift; path = User.swift; sourceTree = "<group>"; };
		99BD5C422BBAA67B00585987 /* Utilities.swift */ = {isa = PBXFileReference; lastKnownFileType = sourcecode.swift; path = Utilities.swift; sourceTree = "<group>"; };
		99DB6FD32BC824880082BEF9 /* AuthService.swift */ = {isa = PBXFileReference; lastKnownFileType = sourcecode.swift; path = AuthService.swift; sourceTree = "<group>"; };
		99E26C602BCE7BAB0031BFBA /* UploadTweetController.swift */ = {isa = PBXFileReference; lastKnownFileType = sourcecode.swift; path = UploadTweetController.swift; sourceTree = "<group>"; };
		99FD78612BB6AEA300CA10F1 /* Extensions.swift */ = {isa = PBXFileReference; lastKnownFileType = sourcecode.swift; path = Extensions.swift; sourceTree = "<group>"; };
		AFAAEAA45BAB07E2F17BB3EF /* Pods-twitter_clone.debug.xcconfig */ = {isa = PBXFileReference; includeInIndex = 1; lastKnownFileType = text.xcconfig; name = "Pods-twitter_clone.debug.xcconfig"; path = "Target Support Files/Pods-twitter_clone/Pods-twitter_clone.debug.xcconfig"; sourceTree = "<group>"; };
/* End PBXFileReference section */

/* Begin PBXFrameworksBuildPhase section */
		9954B6DF2BB3D7370026BE22 /* Frameworks */ = {
			isa = PBXFrameworksBuildPhase;
			buildActionMask = 2147483647;
			files = (
				E364420D9E7560EB8C23451E /* Pods_twitter_clone.framework in Frameworks */,
			);
			runOnlyForDeploymentPostprocessing = 0;
		};
/* End PBXFrameworksBuildPhase section */

/* Begin PBXGroup section */
		2227C014A1D8DDE6B1A40AF8 /* Frameworks */ = {
			isa = PBXGroup;
			children = (
				4A974654C731DE8426DFE12E /* Pods_twitter_clone.framework */,
			);
			name = Frameworks;
			sourceTree = "<group>";
		};
		723FDAB0FE4ACF52FC9879AB /* Pods */ = {
			isa = PBXGroup;
			children = (
				AFAAEAA45BAB07E2F17BB3EF /* Pods-twitter_clone.debug.xcconfig */,
				76F0F2C6E3267B44975927B0 /* Pods-twitter_clone.release.xcconfig */,
			);
			path = Pods;
			sourceTree = "<group>";
		};
		9954B6D92BB3D7370026BE22 = {
			isa = PBXGroup;
			children = (
				9954B6E42BB3D7370026BE22 /* twitter_clone */,
				9954B6E32BB3D7370026BE22 /* Products */,
				723FDAB0FE4ACF52FC9879AB /* Pods */,
				2227C014A1D8DDE6B1A40AF8 /* Frameworks */,
			);
			sourceTree = "<group>";
		};
		9954B6E32BB3D7370026BE22 /* Products */ = {
			isa = PBXGroup;
			children = (
				9954B6E22BB3D7370026BE22 /* twitter_clone.app */,
			);
			name = Products;
			sourceTree = "<group>";
		};
		9954B6E42BB3D7370026BE22 /* twitter_clone */ = {
			isa = PBXGroup;
			children = (
				9954B7032BB3D8CD0026BE22 /* Model */,
				9954B7022BB3D8CC0026BE22 /* View */,
				9954B7012BB3D8CB0026BE22 /* ViewModel */,
				9954B7002BB3D8C90026BE22 /* Controller */,
				9954B6FD2BB3D8BB0026BE22 /* API */,
				9954B6FC2BB3D8A40026BE22 /* Utils */,
				9954B6E52BB3D7370026BE22 /* AppDelegate.swift */,
				9954B6E72BB3D7370026BE22 /* SceneDelegate.swift */,
				9954B6EB2BB3D7370026BE22 /* Main.storyboard */,
				9954B6F12BB3D7380026BE22 /* Assets.xcassets */,
				9954B6F32BB3D7380026BE22 /* LaunchScreen.storyboard */,
				996650A32BBEA6F1007D1D55 /* GoogleService-Info.plist */,
				9954B6F62BB3D7380026BE22 /* Info.plist */,
				9954B6EE2BB3D7370026BE22 /* twitter_clone.xcdatamodeld */,
			);
			path = twitter_clone;
			sourceTree = "<group>";
		};
		9954B6FC2BB3D8A40026BE22 /* Utils */ = {
			isa = PBXGroup;
			children = (
				99FD78612BB6AEA300CA10F1 /* Extensions.swift */,
				99BD5C422BBAA67B00585987 /* Utilities.swift */,
				990362DF2BC6B9A700078AB9 /* Constants.swift */,
			);
			path = Utils;
			sourceTree = "<group>";
		};
		9954B6FD2BB3D8BB0026BE22 /* API */ = {
			isa = PBXGroup;
			children = (
				99DB6FD32BC824880082BEF9 /* AuthService.swift */,
				99A4DE2F2BCBB96500D41F3E /* UserService.swift */,
			);
			path = API;
			sourceTree = "<group>";
		};
		9954B7002BB3D8C90026BE22 /* Controller */ = {
			isa = PBXGroup;
			children = (
				9999A0FA2BB7BDEF00E4B1F5 /* Authentication */,
				9954B7042BB3DB7F0026BE22 /* MainTabController.swift */,
				9954B7062BB3DE340026BE22 /* FeedController.swift */,
				9954B7082BB41D580026BE22 /* ExploreController.swift */,
				9954B70A2BB41D6A0026BE22 /* NotificationController.swift */,
				9954B70C2BB41D7E0026BE22 /* ConversationsController.swift */,
				99E26C602BCE7BAB0031BFBA /* UploadTweetController.swift */,
			);
			path = Controller;
			sourceTree = "<group>";
		};
		9954B7012BB3D8CB0026BE22 /* ViewModel */ = {
			isa = PBXGroup;
			children = (
			);
			path = ViewModel;
			sourceTree = "<group>";
		};
		9954B7022BB3D8CC0026BE22 /* View */ = {
			isa = PBXGroup;
			children = (
				995DC7F32BCF96BE00058E39 /* CaptionTextView.swift */,
			);
			path = View;
			sourceTree = "<group>";
		};
		9954B7032BB3D8CD0026BE22 /* Model */ = {
			isa = PBXGroup;
			children = (
				99A4DE312BCBC16800D41F3E /* User.swift */,
			);
			path = Model;
			sourceTree = "<group>";
		};
		9999A0FA2BB7BDEF00E4B1F5 /* Authentication */ = {
			isa = PBXGroup;
			children = (
				9999A0FB2BB7BE1000E4B1F5 /* LoginController.swift */,
				9999A0FD2BB7BF7B00E4B1F5 /* RegistrationController.swift */,
			);
			path = Authentication;
			sourceTree = "<group>";
		};
/* End PBXGroup section */

/* Begin PBXNativeTarget section */
		9954B6E12BB3D7370026BE22 /* twitter_clone */ = {
			isa = PBXNativeTarget;
			buildConfigurationList = 9954B6F92BB3D7380026BE22 /* Build configuration list for PBXNativeTarget "twitter_clone" */;
			buildPhases = (
				948BE92643D678EA7B4CCCD8 /* [CP] Check Pods Manifest.lock */,
				9954B6DE2BB3D7370026BE22 /* Sources */,
				9954B6DF2BB3D7370026BE22 /* Frameworks */,
				9954B6E02BB3D7370026BE22 /* Resources */,
				FDCE4F5A7054FD3C9553FE34 /* [CP] Embed Pods Frameworks */,
			);
			buildRules = (
			);
			dependencies = (
			);
			name = twitter_clone;
			productName = twitter_clone;
			productReference = 9954B6E22BB3D7370026BE22 /* twitter_clone.app */;
			productType = "com.apple.product-type.application";
		};
/* End PBXNativeTarget section */

/* Begin PBXProject section */
		9954B6DA2BB3D7370026BE22 /* Project object */ = {
			isa = PBXProject;
			attributes = {
				BuildIndependentTargetsInParallel = 1;
				LastSwiftUpdateCheck = 1530;
				LastUpgradeCheck = 1530;
				TargetAttributes = {
					9954B6E12BB3D7370026BE22 = {
						CreatedOnToolsVersion = 15.3;
					};
				};
			};
			buildConfigurationList = 9954B6DD2BB3D7370026BE22 /* Build configuration list for PBXProject "twitter_clone" */;
			compatibilityVersion = "Xcode 14.0";
			developmentRegion = en;
			hasScannedForEncodings = 0;
			knownRegions = (
				en,
				Base,
			);
			mainGroup = 9954B6D92BB3D7370026BE22;
			packageReferences = (
				996650A52BBEA7BC007D1D55 /* XCRemoteSwiftPackageReference "firebase-ios-sdk" */,
			);
			productRefGroup = 9954B6E32BB3D7370026BE22 /* Products */;
			projectDirPath = "";
			projectRoot = "";
			targets = (
				9954B6E12BB3D7370026BE22 /* twitter_clone */,
			);
		};
/* End PBXProject section */

/* Begin PBXResourcesBuildPhase section */
		9954B6E02BB3D7370026BE22 /* Resources */ = {
			isa = PBXResourcesBuildPhase;
			buildActionMask = 2147483647;
			files = (
				9954B6F22BB3D7380026BE22 /* Assets.xcassets in Resources */,
				996650A42BBEA6F1007D1D55 /* GoogleService-Info.plist in Resources */,
				9954B6F52BB3D7380026BE22 /* Base in Resources */,
				9954B6ED2BB3D7370026BE22 /* Base in Resources */,
			);
			runOnlyForDeploymentPostprocessing = 0;
		};
/* End PBXResourcesBuildPhase section */

/* Begin PBXShellScriptBuildPhase section */
		948BE92643D678EA7B4CCCD8 /* [CP] Check Pods Manifest.lock */ = {
			isa = PBXShellScriptBuildPhase;
			buildActionMask = 2147483647;
			files = (
			);
			inputFileListPaths = (
			);
			inputPaths = (
				"${PODS_PODFILE_DIR_PATH}/Podfile.lock",
				"${PODS_ROOT}/Manifest.lock",
			);
			name = "[CP] Check Pods Manifest.lock";
			outputFileListPaths = (
			);
			outputPaths = (
				"$(DERIVED_FILE_DIR)/Pods-twitter_clone-checkManifestLockResult.txt",
			);
			runOnlyForDeploymentPostprocessing = 0;
			shellPath = /bin/sh;
			shellScript = "diff \"${PODS_PODFILE_DIR_PATH}/Podfile.lock\" \"${PODS_ROOT}/Manifest.lock\" > /dev/null\nif [ $? != 0 ] ; then\n    # print error to STDERR\n    echo \"error: The sandbox is not in sync with the Podfile.lock. Run 'pod install' or update your CocoaPods installation.\" >&2\n    exit 1\nfi\n# This output is used by Xcode 'outputs' to avoid re-running this script phase.\necho \"SUCCESS\" > \"${SCRIPT_OUTPUT_FILE_0}\"\n";
			showEnvVarsInLog = 0;
		};
		FDCE4F5A7054FD3C9553FE34 /* [CP] Embed Pods Frameworks */ = {
			isa = PBXShellScriptBuildPhase;
			buildActionMask = 2147483647;
			files = (
			);
			inputFileListPaths = (
				"${PODS_ROOT}/Target Support Files/Pods-twitter_clone/Pods-twitter_clone-frameworks-${CONFIGURATION}-input-files.xcfilelist",
			);
			name = "[CP] Embed Pods Frameworks";
			outputFileListPaths = (
				"${PODS_ROOT}/Target Support Files/Pods-twitter_clone/Pods-twitter_clone-frameworks-${CONFIGURATION}-output-files.xcfilelist",
			);
			runOnlyForDeploymentPostprocessing = 0;
			shellPath = /bin/sh;
			shellScript = "\"${PODS_ROOT}/Target Support Files/Pods-twitter_clone/Pods-twitter_clone-frameworks.sh\"\n";
			showEnvVarsInLog = 0;
		};
/* End PBXShellScriptBuildPhase section */

/* Begin PBXSourcesBuildPhase section */
		9954B6DE2BB3D7370026BE22 /* Sources */ = {
			isa = PBXSourcesBuildPhase;
			buildActionMask = 2147483647;
			files = (
				9954B6F02BB3D7370026BE22 /* twitter_clone.xcdatamodeld in Sources */,
				99FD78622BB6AEA300CA10F1 /* Extensions.swift in Sources */,
				9954B6E62BB3D7370026BE22 /* AppDelegate.swift in Sources */,
				990362E02BC6B9A700078AB9 /* Constants.swift in Sources */,
				99E26C612BCE7BAB0031BFBA /* UploadTweetController.swift in Sources */,
				99A4DE322BCBC16800D41F3E /* User.swift in Sources */,
				995DC7F42BCF96BE00058E39 /* CaptionTextView.swift in Sources */,
				9954B70D2BB41D7E0026BE22 /* ConversationsController.swift in Sources */,
				9954B7072BB3DE340026BE22 /* FeedController.swift in Sources */,
				9954B70B2BB41D6A0026BE22 /* NotificationController.swift in Sources */,
				99BD5C432BBAA67B00585987 /* Utilities.swift in Sources */,
				9999A0FE2BB7BF7B00E4B1F5 /* RegistrationController.swift in Sources */,
				9954B7052BB3DB7F0026BE22 /* MainTabController.swift in Sources */,
				9954B6E82BB3D7370026BE22 /* SceneDelegate.swift in Sources */,
				99A4DE302BCBB96500D41F3E /* UserService.swift in Sources */,
				9954B7092BB41D580026BE22 /* ExploreController.swift in Sources */,
				9999A0FC2BB7BE1000E4B1F5 /* LoginController.swift in Sources */,
				99DB6FD42BC824880082BEF9 /* AuthService.swift in Sources */,
			);
			runOnlyForDeploymentPostprocessing = 0;
		};
/* End PBXSourcesBuildPhase section */

/* Begin PBXVariantGroup section */
		9954B6EB2BB3D7370026BE22 /* Main.storyboard */ = {
			isa = PBXVariantGroup;
			children = (
				9954B6EC2BB3D7370026BE22 /* Base */,
			);
			name = Main.storyboard;
			sourceTree = "<group>";
		};
		9954B6F32BB3D7380026BE22 /* LaunchScreen.storyboard */ = {
			isa = PBXVariantGroup;
			children = (
				9954B6F42BB3D7380026BE22 /* Base */,
			);
			name = LaunchScreen.storyboard;
			sourceTree = "<group>";
		};
/* End PBXVariantGroup section */

/* Begin XCBuildConfiguration section */
		9954B6F72BB3D7380026BE22 /* Debug */ = {
			isa = XCBuildConfiguration;
			buildSettings = {
				ALWAYS_SEARCH_USER_PATHS = NO;
				ASSETCATALOG_COMPILER_GENERATE_SWIFT_ASSET_SYMBOL_EXTENSIONS = YES;
				CLANG_ANALYZER_NONNULL = YES;
				CLANG_ANALYZER_NUMBER_OBJECT_CONVERSION = YES_AGGRESSIVE;
				CLANG_CXX_LANGUAGE_STANDARD = "gnu++20";
				CLANG_ENABLE_MODULES = YES;
				CLANG_ENABLE_OBJC_ARC = YES;
				CLANG_ENABLE_OBJC_WEAK = YES;
				CLANG_WARN_BLOCK_CAPTURE_AUTORELEASING = YES;
				CLANG_WARN_BOOL_CONVERSION = YES;
				CLANG_WARN_COMMA = YES;
				CLANG_WARN_CONSTANT_CONVERSION = YES;
				CLANG_WARN_DEPRECATED_OBJC_IMPLEMENTATIONS = YES;
				CLANG_WARN_DIRECT_OBJC_ISA_USAGE = YES_ERROR;
				CLANG_WARN_DOCUMENTATION_COMMENTS = YES;
				CLANG_WARN_EMPTY_BODY = YES;
				CLANG_WARN_ENUM_CONVERSION = YES;
				CLANG_WARN_INFINITE_RECURSION = YES;
				CLANG_WARN_INT_CONVERSION = YES;
				CLANG_WARN_NON_LITERAL_NULL_CONVERSION = YES;
				CLANG_WARN_OBJC_IMPLICIT_RETAIN_SELF = YES;
				CLANG_WARN_OBJC_LITERAL_CONVERSION = YES;
				CLANG_WARN_OBJC_ROOT_CLASS = YES_ERROR;
				CLANG_WARN_QUOTED_INCLUDE_IN_FRAMEWORK_HEADER = YES;
				CLANG_WARN_RANGE_LOOP_ANALYSIS = YES;
				CLANG_WARN_STRICT_PROTOTYPES = YES;
				CLANG_WARN_SUSPICIOUS_MOVE = YES;
				CLANG_WARN_UNGUARDED_AVAILABILITY = YES_AGGRESSIVE;
				CLANG_WARN_UNREACHABLE_CODE = YES;
				CLANG_WARN__DUPLICATE_METHOD_MATCH = YES;
				COPY_PHASE_STRIP = NO;
				DEBUG_INFORMATION_FORMAT = dwarf;
				ENABLE_STRICT_OBJC_MSGSEND = YES;
				ENABLE_TESTABILITY = YES;
				ENABLE_USER_SCRIPT_SANDBOXING = NO;
				GCC_C_LANGUAGE_STANDARD = gnu17;
				GCC_DYNAMIC_NO_PIC = NO;
				GCC_NO_COMMON_BLOCKS = YES;
				GCC_OPTIMIZATION_LEVEL = 0;
				GCC_PREPROCESSOR_DEFINITIONS = (
					"DEBUG=1",
					"$(inherited)",
				);
				GCC_WARN_64_TO_32_BIT_CONVERSION = YES;
				GCC_WARN_ABOUT_RETURN_TYPE = YES_ERROR;
				GCC_WARN_UNDECLARED_SELECTOR = YES;
				GCC_WARN_UNINITIALIZED_AUTOS = YES_AGGRESSIVE;
				GCC_WARN_UNUSED_FUNCTION = YES;
				GCC_WARN_UNUSED_VARIABLE = YES;
				IPHONEOS_DEPLOYMENT_TARGET = 15.0;
				LOCALIZATION_PREFERS_STRING_CATALOGS = YES;
				MTL_ENABLE_DEBUG_INFO = INCLUDE_SOURCE;
				MTL_FAST_MATH = YES;
				ONLY_ACTIVE_ARCH = YES;
				SDKROOT = iphoneos;
				SWIFT_ACTIVE_COMPILATION_CONDITIONS = "DEBUG $(inherited)";
				SWIFT_OPTIMIZATION_LEVEL = "-Onone";
			};
			name = Debug;
		};
		9954B6F82BB3D7380026BE22 /* Release */ = {
			isa = XCBuildConfiguration;
			buildSettings = {
				ALWAYS_SEARCH_USER_PATHS = NO;
				ASSETCATALOG_COMPILER_GENERATE_SWIFT_ASSET_SYMBOL_EXTENSIONS = YES;
				CLANG_ANALYZER_NONNULL = YES;
				CLANG_ANALYZER_NUMBER_OBJECT_CONVERSION = YES_AGGRESSIVE;
				CLANG_CXX_LANGUAGE_STANDARD = "gnu++20";
				CLANG_ENABLE_MODULES = YES;
				CLANG_ENABLE_OBJC_ARC = YES;
				CLANG_ENABLE_OBJC_WEAK = YES;
				CLANG_WARN_BLOCK_CAPTURE_AUTORELEASING = YES;
				CLANG_WARN_BOOL_CONVERSION = YES;
				CLANG_WARN_COMMA = YES;
				CLANG_WARN_CONSTANT_CONVERSION = YES;
				CLANG_WARN_DEPRECATED_OBJC_IMPLEMENTATIONS = YES;
				CLANG_WARN_DIRECT_OBJC_ISA_USAGE = YES_ERROR;
				CLANG_WARN_DOCUMENTATION_COMMENTS = YES;
				CLANG_WARN_EMPTY_BODY = YES;
				CLANG_WARN_ENUM_CONVERSION = YES;
				CLANG_WARN_INFINITE_RECURSION = YES;
				CLANG_WARN_INT_CONVERSION = YES;
				CLANG_WARN_NON_LITERAL_NULL_CONVERSION = YES;
				CLANG_WARN_OBJC_IMPLICIT_RETAIN_SELF = YES;
				CLANG_WARN_OBJC_LITERAL_CONVERSION = YES;
				CLANG_WARN_OBJC_ROOT_CLASS = YES_ERROR;
				CLANG_WARN_QUOTED_INCLUDE_IN_FRAMEWORK_HEADER = YES;
				CLANG_WARN_RANGE_LOOP_ANALYSIS = YES;
				CLANG_WARN_STRICT_PROTOTYPES = YES;
				CLANG_WARN_SUSPICIOUS_MOVE = YES;
				CLANG_WARN_UNGUARDED_AVAILABILITY = YES_AGGRESSIVE;
				CLANG_WARN_UNREACHABLE_CODE = YES;
				CLANG_WARN__DUPLICATE_METHOD_MATCH = YES;
				COPY_PHASE_STRIP = NO;
				DEBUG_INFORMATION_FORMAT = "dwarf-with-dsym";
				ENABLE_NS_ASSERTIONS = NO;
				ENABLE_STRICT_OBJC_MSGSEND = YES;
				ENABLE_USER_SCRIPT_SANDBOXING = NO;
				GCC_C_LANGUAGE_STANDARD = gnu17;
				GCC_NO_COMMON_BLOCKS = YES;
				GCC_WARN_64_TO_32_BIT_CONVERSION = YES;
				GCC_WARN_ABOUT_RETURN_TYPE = YES_ERROR;
				GCC_WARN_UNDECLARED_SELECTOR = YES;
				GCC_WARN_UNINITIALIZED_AUTOS = YES_AGGRESSIVE;
				GCC_WARN_UNUSED_FUNCTION = YES;
				GCC_WARN_UNUSED_VARIABLE = YES;
				IPHONEOS_DEPLOYMENT_TARGET = 15.0;
				LOCALIZATION_PREFERS_STRING_CATALOGS = YES;
				MTL_ENABLE_DEBUG_INFO = NO;
				MTL_FAST_MATH = YES;
				SDKROOT = iphoneos;
				SWIFT_COMPILATION_MODE = wholemodule;
				VALIDATE_PRODUCT = YES;
			};
			name = Release;
		};
		9954B6FA2BB3D7380026BE22 /* Debug */ = {
			isa = XCBuildConfiguration;
			baseConfigurationReference = AFAAEAA45BAB07E2F17BB3EF /* Pods-twitter_clone.debug.xcconfig */;
			buildSettings = {
				ASSETCATALOG_COMPILER_APPICON_NAME = AppIcon;
				ASSETCATALOG_COMPILER_GLOBAL_ACCENT_COLOR_NAME = AccentColor;
				CODE_SIGN_STYLE = Automatic;
				CURRENT_PROJECT_VERSION = 1;
				DEVELOPMENT_TEAM = 8CKPNKA3V9;
				GENERATE_INFOPLIST_FILE = YES;
				INFOPLIST_FILE = twitter_clone/Info.plist;
				INFOPLIST_KEY_UIApplicationSupportsIndirectInputEvents = YES;
				INFOPLIST_KEY_UILaunchStoryboardName = LaunchScreen;
				INFOPLIST_KEY_UIMainStoryboardFile = Main;
				INFOPLIST_KEY_UISupportedInterfaceOrientations_iPad = "UIInterfaceOrientationPortrait UIInterfaceOrientationPortraitUpsideDown UIInterfaceOrientationLandscapeLeft UIInterfaceOrientationLandscapeRight";
				INFOPLIST_KEY_UISupportedInterfaceOrientations_iPhone = "UIInterfaceOrientationPortrait UIInterfaceOrientationLandscapeLeft UIInterfaceOrientationLandscapeRight";
				IPHONEOS_DEPLOYMENT_TARGET = 13.0;
				LD_RUNPATH_SEARCH_PATHS = (
					"$(inherited)",
					"@executable_path/Frameworks",
				);
				MARKETING_VERSION = 1.0;
				PRODUCT_BUNDLE_IDENTIFIER = "com.Ben.twitter-clone";
				PRODUCT_NAME = "$(TARGET_NAME)";
				SUPPORTED_PLATFORMS = "iphoneos iphonesimulator";
				SUPPORTS_MACCATALYST = NO;
				SUPPORTS_MAC_DESIGNED_FOR_IPHONE_IPAD = NO;
				SUPPORTS_XR_DESIGNED_FOR_IPHONE_IPAD = NO;
				SWIFT_EMIT_LOC_STRINGS = YES;
				SWIFT_VERSION = 5.0;
				TARGETED_DEVICE_FAMILY = 1;
			};
			name = Debug;
		};
		9954B6FB2BB3D7380026BE22 /* Release */ = {
			isa = XCBuildConfiguration;
			baseConfigurationReference = 76F0F2C6E3267B44975927B0 /* Pods-twitter_clone.release.xcconfig */;
			buildSettings = {
				ASSETCATALOG_COMPILER_APPICON_NAME = AppIcon;
				ASSETCATALOG_COMPILER_GLOBAL_ACCENT_COLOR_NAME = AccentColor;
				CODE_SIGN_STYLE = Automatic;
				CURRENT_PROJECT_VERSION = 1;
				DEVELOPMENT_TEAM = 8CKPNKA3V9;
				GENERATE_INFOPLIST_FILE = YES;
				INFOPLIST_FILE = twitter_clone/Info.plist;
				INFOPLIST_KEY_UIApplicationSupportsIndirectInputEvents = YES;
				INFOPLIST_KEY_UILaunchStoryboardName = LaunchScreen;
				INFOPLIST_KEY_UIMainStoryboardFile = Main;
				INFOPLIST_KEY_UISupportedInterfaceOrientations_iPad = "UIInterfaceOrientationPortrait UIInterfaceOrientationPortraitUpsideDown UIInterfaceOrientationLandscapeLeft UIInterfaceOrientationLandscapeRight";
				INFOPLIST_KEY_UISupportedInterfaceOrientations_iPhone = "UIInterfaceOrientationPortrait UIInterfaceOrientationLandscapeLeft UIInterfaceOrientationLandscapeRight";
				IPHONEOS_DEPLOYMENT_TARGET = 13.0;
				LD_RUNPATH_SEARCH_PATHS = (
					"$(inherited)",
					"@executable_path/Frameworks",
				);
				MARKETING_VERSION = 1.0;
				PRODUCT_BUNDLE_IDENTIFIER = "com.Ben.twitter-clone";
				PRODUCT_NAME = "$(TARGET_NAME)";
				SUPPORTED_PLATFORMS = "iphoneos iphonesimulator";
				SUPPORTS_MACCATALYST = NO;
				SUPPORTS_MAC_DESIGNED_FOR_IPHONE_IPAD = NO;
				SUPPORTS_XR_DESIGNED_FOR_IPHONE_IPAD = NO;
				SWIFT_EMIT_LOC_STRINGS = YES;
				SWIFT_VERSION = 5.0;
				TARGETED_DEVICE_FAMILY = 1;
			};
			name = Release;
		};
/* End XCBuildConfiguration section */

/* Begin XCConfigurationList section */
		9954B6DD2BB3D7370026BE22 /* Build configuration list for PBXProject "twitter_clone" */ = {
			isa = XCConfigurationList;
			buildConfigurations = (
				9954B6F72BB3D7380026BE22 /* Debug */,
				9954B6F82BB3D7380026BE22 /* Release */,
			);
			defaultConfigurationIsVisible = 0;
			defaultConfigurationName = Release;
		};
		9954B6F92BB3D7380026BE22 /* Build configuration list for PBXNativeTarget "twitter_clone" */ = {
			isa = XCConfigurationList;
			buildConfigurations = (
				9954B6FA2BB3D7380026BE22 /* Debug */,
				9954B6FB2BB3D7380026BE22 /* Release */,
			);
			defaultConfigurationIsVisible = 0;
			defaultConfigurationName = Release;
		};
/* End XCConfigurationList section */

/* Begin XCRemoteSwiftPackageReference section */
		996650A52BBEA7BC007D1D55 /* XCRemoteSwiftPackageReference "firebase-ios-sdk" */ = {
			isa = XCRemoteSwiftPackageReference;
			repositoryURL = "https://github.com/firebase/firebase-ios-sdk";
			requirement = {
				kind = upToNextMajorVersion;
				minimumVersion = 10.23.1;
			};
		};
/* End XCRemoteSwiftPackageReference section */

/* Begin XCVersionGroup section */
		9954B6EE2BB3D7370026BE22 /* twitter_clone.xcdatamodeld */ = {
			isa = XCVersionGroup;
			children = (
				9954B6EF2BB3D7370026BE22 /* twitter_clone.xcdatamodel */,
			);
			currentVersion = 9954B6EF2BB3D7370026BE22 /* twitter_clone.xcdatamodel */;
			path = twitter_clone.xcdatamodeld;
			sourceTree = "<group>";
			versionGroupType = wrapper.xcdatamodel;
		};
/* End XCVersionGroup section */
	};
	rootObject = 9954B6DA2BB3D7370026BE22 /* Project object */;
}
